github.com/cenkalti/backoff v2.0.0+incompatible/go.mod h1:90ReRw6GdpyfrHakVjL/QHaoyV4aDUVVkXQJJJ3NXXM=
github.com/cenkalti/backoff v2.2.1+incompatible h1:tNowT99t7UNflLxfYYSlKYsBpXdEet03Pg2g16Swow4=
github.com/cenkalti/backoff v2.2.1+incompatible/go.mod h1:90ReRw6GdpyfrHakVjL/QHaoyV4aDUVVkXQJJJ3NXXM=
github.com/pkg/errors v0.8.0/go.mod h1:bwawxfHBFNV+L2hUp1rHADufV3IMtnDRdf1r5NINEl0=
github.com/pkg/errors v0.9.1 h1:FEBLx1zS214owpjy7qsBeixbURkuhQAwrK5UwLGTwt4=
github.com/pkg/errors v0.9.1/go.mod h1:bwawxfHBFNV+L2hUp1rHADufV3IMtnDRdf1r5NINEl0=
github.com/timpalpant/go-tradier v0.0.0-20210704143315-37ec934c77c0 h1:paA0pPtZVVr3GCUPzwZj0yfhnv1V1xFvgOHvhPjD5t0=
github.com/timpalpant/go-tradier v0.0.0-20210704143315-37ec934c77c0/go.mod h1:0mgwu9dgyQnlm9Mk9bJiH8qFjvTmuXcoeihuCWEBggY=
golang.org/x/net v0.0.0-20180921000356-2f5d2388922f/go.mod h1:mL1N/T3taQHkDXs73rZJwtUhF3w3ftmwwsq0BUmARs4=
